// !$*UTF8*$!
{
	archiveVersion = 1;
	classes = {
	};
	objectVersion = 56;
	objects = {

/* Begin PBXBuildFile section */
		AA000001 /* TravelAppApp.swift in Sources */ = {isa = PBXBuildFile; fileRef = AA100001 /* TravelAppApp.swift */; };
		AA000002 /* ContentView.swift in Sources */ = {isa = PBXBuildFile; fileRef = AA100002 /* ContentView.swift */; };
		AA000003 /* Assets.xcassets in Resources */ = {isa = PBXBuildFile; fileRef = AA100003 /* Assets.xcassets */; };
		AA000004 /* Models.swift in Sources */ = {isa = PBXBuildFile; fileRef = AA100004 /* Models.swift */; };
		AA000005 /* TripListView.swift in Sources */ = {isa = PBXBuildFile; fileRef = AA100005 /* TripListView.swift */; };
		AA000006 /* TripDetailView.swift in Sources */ = {isa = PBXBuildFile; fileRef = AA100006 /* TripDetailView.swift */; };
		AA000007 /* AddTripView.swift in Sources */ = {isa = PBXBuildFile; fileRef = AA100007 /* AddTripView.swift */; };
		AA000008 /* AddItineraryView.swift in Sources */ = {isa = PBXBuildFile; fileRef = AA100008 /* AddItineraryView.swift */; };
		AA000009 /* ItineraryDetailView.swift in Sources */ = {isa = PBXBuildFile; fileRef = AA100009 /* ItineraryDetailView.swift */; };
		AA000010 /* CollaboratorsView.swift in Sources */ = {isa = PBXBuildFile; fileRef = AA100010 /* CollaboratorsView.swift */; };
		AA000011 /* PhotoGalleryView.swift in Sources */ = {isa = PBXBuildFile; fileRef = AA100011 /* PhotoGalleryView.swift */; };
		AA000012 /* TripSummaryView.swift in Sources */ = {isa = PBXBuildFile; fileRef = AA100012 /* TripSummaryView.swift */; };
		AA000013 /* ImagePicker.swift in Sources */ = {isa = PBXBuildFile; fileRef = AA100013 /* ImagePicker.swift */; };
		AA000014 /* DataStore.swift in Sources */ = {isa = PBXBuildFile; fileRef = AA100014 /* DataStore.swift */; };
		AA000015 /* CategoryFilterView.swift in Sources */ = {isa = PBXBuildFile; fileRef = AA100015 /* CategoryFilterView.swift */; };
		AA000016 /* ItineraryCardView.swift in Sources */ = {isa = PBXBuildFile; fileRef = AA100016 /* ItineraryCardView.swift */; };
		AA000017 /* CollageView.swift in Sources */ = {isa = PBXBuildFile; fileRef = AA100017 /* CollageView.swift */; };
		AA000018 /* Preview Assets.xcassets in Resources */ = {isa = PBXBuildFile; fileRef = AA100018 /* Preview Assets.xcassets */; };
		AA000019 /* DayWiseView.swift in Sources */ = {isa = PBXBuildFile; fileRef = AA100019 /* DayWiseView.swift */; };
		AA000020 /* AISuggestionService.swift in Sources */ = {isa = PBXBuildFile; fileRef = AA100020 /* AISuggestionService.swift */; };
		AA000021 /* AISuggestionsView.swift in Sources */ = {isa = PBXBuildFile; fileRef = AA100021 /* AISuggestionsView.swift */; };
		AA000022 /* FirebaseService.swift in Sources */ = {isa = PBXBuildFile; fileRef = AA100022 /* FirebaseService.swift */; };
		AA000023 /* AuthView.swift in Sources */ = {isa = PBXBuildFile; fileRef = AA100023 /* AuthView.swift */; };
		AA000024 /* GoogleService-Info.plist in Resources */ = {isa = PBXBuildFile; fileRef = AA100024 /* GoogleService-Info.plist */; };
		BB200001 /* FirebaseAuth in Frameworks */ = {isa = PBXBuildFile; productRef = BB100001 /* FirebaseAuth */; };
		BB200002 /* FirebaseFirestore in Frameworks */ = {isa = PBXBuildFile; productRef = BB100002 /* FirebaseFirestore */; };
		BB200003 /* FirebaseStorage in Frameworks */ = {isa = PBXBuildFile; productRef = BB100003 /* FirebaseStorage */; };
/* End PBXBuildFile section */

/* Begin PBXFileReference section */
		AA100001 /* TravelAppApp.swift */ = {isa = PBXFileReference; lastKnownFileType = sourcecode.swift; path = TravelAppApp.swift; sourceTree = "<group>"; };
		AA100002 /* ContentView.swift */ = {isa = PBXFileReference; lastKnownFileType = sourcecode.swift; path = ContentView.swift; sourceTree = "<group>"; };
		AA100003 /* Assets.xcassets */ = {isa = PBXFileReference; lastKnownFileType = folder.assetcatalog; path = Assets.xcassets; sourceTree = "<group>"; };
		AA100004 /* Models.swift */ = {isa = PBXFileReference; lastKnownFileType = sourcecode.swift; path = Models.swift; sourceTree = "<group>"; };
		AA100005 /* TripListView.swift */ = {isa = PBXFileReference; lastKnownFileType = sourcecode.swift; path = TripListView.swift; sourceTree = "<group>"; };
		AA100006 /* TripDetailView.swift */ = {isa = PBXFileReference; lastKnownFileType = sourcecode.swift; path = TripDetailView.swift; sourceTree = "<group>"; };
		AA100007 /* AddTripView.swift */ = {isa = PBXFileReference; lastKnownFileType = sourcecode.swift; path = AddTripView.swift; sourceTree = "<group>"; };
		AA100008 /* AddItineraryView.swift */ = {isa = PBXFileReference; lastKnownFileType = sourcecode.swift; path = AddItineraryView.swift; sourceTree = "<group>"; };
		AA100009 /* ItineraryDetailView.swift */ = {isa = PBXFileReference; lastKnownFileType = sourcecode.swift; path = ItineraryDetailView.swift; sourceTree = "<group>"; };
		AA100010 /* CollaboratorsView.swift */ = {isa = PBXFileReference; lastKnownFileType = sourcecode.swift; path = CollaboratorsView.swift; sourceTree = "<group>"; };
		AA100011 /* PhotoGalleryView.swift */ = {isa = PBXFileReference; lastKnownFileType = sourcecode.swift; path = PhotoGalleryView.swift; sourceTree = "<group>"; };
		AA100012 /* TripSummaryView.swift */ = {isa = PBXFileReference; lastKnownFileType = sourcecode.swift; path = TripSummaryView.swift; sourceTree = "<group>"; };
		AA100013 /* ImagePicker.swift */ = {isa = PBXFileReference; lastKnownFileType = sourcecode.swift; path = ImagePicker.swift; sourceTree = "<group>"; };
		AA100014 /* DataStore.swift */ = {isa = PBXFileReference; lastKnownFileType = sourcecode.swift; path = DataStore.swift; sourceTree = "<group>"; };
		AA100015 /* CategoryFilterView.swift */ = {isa = PBXFileReference; lastKnownFileType = sourcecode.swift; path = CategoryFilterView.swift; sourceTree = "<group>"; };
		AA100016 /* ItineraryCardView.swift */ = {isa = PBXFileReference; lastKnownFileType = sourcecode.swift; path = ItineraryCardView.swift; sourceTree = "<group>"; };
		AA100017 /* CollageView.swift */ = {isa = PBXFileReference; lastKnownFileType = sourcecode.swift; path = CollageView.swift; sourceTree = "<group>"; };
		AA100018 /* Preview Assets.xcassets */ = {isa = PBXFileReference; lastKnownFileType = folder.assetcatalog; path = "Preview Assets.xcassets"; sourceTree = "<group>"; };
		AA100019 /* DayWiseView.swift */ = {isa = PBXFileReference; lastKnownFileType = sourcecode.swift; path = DayWiseView.swift; sourceTree = "<group>"; };
		AA100020 /* AISuggestionService.swift */ = {isa = PBXFileReference; lastKnownFileType = sourcecode.swift; path = AISuggestionService.swift; sourceTree = "<group>"; };
		AA100021 /* AISuggestionsView.swift */ = {isa = PBXFileReference; lastKnownFileType = sourcecode.swift; path = AISuggestionsView.swift; sourceTree = "<group>"; };
		AA100022 /* FirebaseService.swift */ = {isa = PBXFileReference; lastKnownFileType = sourcecode.swift; path = FirebaseService.swift; sourceTree = "<group>"; };
		AA100023 /* AuthView.swift */ = {isa = PBXFileReference; lastKnownFileType = sourcecode.swift; path = AuthView.swift; sourceTree = "<group>"; };
		AA100024 /* GoogleService-Info.plist */ = {isa = PBXFileReference; lastKnownFileType = text.plist.xml; path = "GoogleService-Info.plist"; sourceTree = "<group>"; };
		AA200001 /* TravelApp.app */ = {isa = PBXFileReference; explicitFileType = wrapper.application; includeInIndex = 0; path = TravelApp.app; sourceTree = BUILT_PRODUCTS_DIR; };
/* End PBXFileReference section */

/* Begin PBXFrameworksBuildPhase section */
		AA300001 /* Frameworks */ = {
			isa = PBXFrameworksBuildPhase;
			buildActionMask = 2147483647;
			files = (
				BB200001 /* FirebaseAuth in Frameworks */,
				BB200002 /* FirebaseFirestore in Frameworks */,
				BB200003 /* FirebaseStorage in Frameworks */,
			);
			runOnlyForDeploymentPostprocessing = 0;
		};
/* End PBXFrameworksBuildPhase section */

/* Begin PBXGroup section */
		AA400001 = {
			isa = PBXGroup;
			children = (
				AA400002 /* TravelApp */,
				AA400005 /* Products */,
			);
			sourceTree = "<group>";
		};
		AA400002 /* TravelApp */ = {
			isa = PBXGroup;
			children = (
				AA100001 /* TravelAppApp.swift */,
				AA100002 /* ContentView.swift */,
				AA400003 /* Models */,
				AA400004 /* Views */,
				AA400006 /* Helpers */,
				AA100003 /* Assets.xcassets */,
				AA100024 /* GoogleService-Info.plist */,
				AA400007 /* Preview Content */,
			);
			path = TravelApp;
			sourceTree = "<group>";
		};
		AA400003 /* Models */ = {
			isa = PBXGroup;
			children = (
				AA100004 /* Models.swift */,
				AA100014 /* DataStore.swift */,
				AA100020 /* AISuggestionService.swift */,
				AA100022 /* FirebaseService.swift */,
			);
			path = Models;
			sourceTree = "<group>";
		};
		AA400004 /* Views */ = {
			isa = PBXGroup;
			children = (
				AA100005 /* TripListView.swift */,
				AA100006 /* TripDetailView.swift */,
				AA100007 /* AddTripView.swift */,
				AA100008 /* AddItineraryView.swift */,
				AA100009 /* ItineraryDetailView.swift */,
				AA100010 /* CollaboratorsView.swift */,
				AA100011 /* PhotoGalleryView.swift */,
				AA100012 /* TripSummaryView.swift */,
				AA100015 /* CategoryFilterView.swift */,
				AA100016 /* ItineraryCardView.swift */,
				AA100017 /* CollageView.swift */,
				AA100019 /* DayWiseView.swift */,
				AA100021 /* AISuggestionsView.swift */,
				AA100023 /* AuthView.swift */,
			);
			path = Views;
			sourceTree = "<group>";
		};
		AA400005 /* Products */ = {
			isa = PBXGroup;
			children = (
				AA200001 /* TravelApp.app */,
			);
			name = Products;
			sourceTree = "<group>";
		};
		AA400006 /* Helpers */ = {
			isa = PBXGroup;
			children = (
				AA100013 /* ImagePicker.swift */,
			);
			path = Helpers;
			sourceTree = "<group>";
		};
		AA400007 /* Preview Content */ = {
			isa = PBXGroup;
			children = (
				AA100018 /* Preview Assets.xcassets */,
			);
			path = "Preview Content";
			sourceTree = "<group>";
		};
/* End PBXGroup section */

/* Begin PBXNativeTarget section */
		AA500001 /* TravelApp */ = {
			isa = PBXNativeTarget;
			buildConfigurationList = AA700002 /* Build configuration list for PBXNativeTarget "TravelApp" */;
			buildPhases = (
				AA600001 /* Sources */,
				AA300001 /* Frameworks */,
				AA600002 /* Resources */,
			);
			buildRules = (
			);
			dependencies = (
			);
			name = TravelApp;
			packageProductDependencies = (
				BB100001 /* FirebaseAuth */,
				BB100002 /* FirebaseFirestore */,
				BB100003 /* FirebaseStorage */,
			);
			productName = TravelApp;
			productReference = AA200001 /* TravelApp.app */;
			productType = "com.apple.product-type.application";
		};
/* End PBXNativeTarget section */

/* Begin PBXProject section */
		AA500002 /* Project object */ = {
			isa = PBXProject;
			attributes = {
				BuildIndependentTargetsInParallel = 1;
				LastSwiftUpdateCheck = 1500;
				LastUpgradeCheck = 1500;
				TargetAttributes = {
					AA500001 = {
						CreatedOnToolsVersion = 15.0;
					};
				};
			};
			buildConfigurationList = AA700001 /* Build configuration list for PBXProject "TravelApp" */;
			compatibilityVersion = "Xcode 14.0";
			developmentRegion = en;
			hasScannedForEncodings = 0;
			knownRegions = (
				en,
				Base,
			);
			mainGroup = AA400001;
			packageReferences = (
				BB000001 /* XCRemoteSwiftPackageReference "firebase-ios-sdk" */,
			);
			productRefGroup = AA400005 /* Products */;
			projectDirPath = "";
			projectRoot = "";
			targets = (
				AA500001 /* TravelApp */,
			);
		};
/* End PBXProject section */

/* Begin PBXResourcesBuildPhase section */
		AA600002 /* Resources */ = {
			isa = PBXResourcesBuildPhase;
			buildActionMask = 2147483647;
			files = (
				AA000018 /* Preview Assets.xcassets in Resources */,
				AA000003 /* Assets.xcassets in Resources */,
				AA000024 /* GoogleService-Info.plist in Resources */,
			);
			runOnlyForDeploymentPostprocessing = 0;
		};
/* End PBXResourcesBuildPhase section */

/* Begin PBXSourcesBuildPhase section */
		AA600001 /* Sources */ = {
			isa = PBXSourcesBuildPhase;
			buildActionMask = 2147483647;
			files = (
				AA000001 /* TravelAppApp.swift in Sources */,
				AA000002 /* ContentView.swift in Sources */,
				AA000004 /* Models.swift in Sources */,
				AA000005 /* TripListView.swift in Sources */,
				AA000006 /* TripDetailView.swift in Sources */,
				AA000007 /* AddTripView.swift in Sources */,
				AA000008 /* AddItineraryView.swift in Sources */,
				AA000009 /* ItineraryDetailView.swift in Sources */,
				AA000010 /* CollaboratorsView.swift in Sources */,
				AA000011 /* PhotoGalleryView.swift in Sources */,
				AA000012 /* TripSummaryView.swift in Sources */,
				AA000013 /* ImagePicker.swift in Sources */,
				AA000014 /* DataStore.swift in Sources */,
				AA000015 /* CategoryFilterView.swift in Sources */,
				AA000016 /* ItineraryCardView.swift in Sources */,
				AA000017 /* CollageView.swift in Sources */,
				AA000019 /* DayWiseView.swift in Sources */,
				AA000020 /* AISuggestionService.swift in Sources */,
				AA000021 /* AISuggestionsView.swift in Sources */,
				AA000022 /* FirebaseService.swift in Sources */,
				AA000023 /* AuthView.swift in Sources */,
			);
			runOnlyForDeploymentPostprocessing = 0;
		};
/* End PBXSourcesBuildPhase section */

/* Begin XCBuildConfiguration section */
		AA700003 /* Debug */ = {
			isa = XCBuildConfiguration;
			buildSettings = {
				ALWAYS_SEARCH_USER_PATHS = NO;
				ASSETCATALOG_COMPILER_GENERATE_SWIFT_ASSET_SYMBOL_EXTENSIONS = YES;
				CLANG_ANALYZER_NONNULL = YES;
				CLANG_ANALYZER_NUMBER_OBJECT_CONVERSION = YES_AGGRESSIVE;
				CLANG_CXX_LANGUAGE_STANDARD = "gnu++20";
				CLANG_ENABLE_MODULES = YES;
				CLANG_ENABLE_OBJC_ARC = YES;
				CLANG_ENABLE_OBJC_WEAK = YES;
				CLANG_WARN_BLOCK_CAPTURE_AUTORELEASING = YES;
				CLANG_WARN_BOOL_CONVERSION = YES;
				CLANG_WARN_COMMA = YES;
				CLANG_WARN_CONSTANT_CONVERSION = YES;
				CLANG_WARN_DEPRECATED_OBJC_IMPLEMENTATIONS = YES;
				CLANG_WARN_DIRECT_OBJC_ISA_USAGE = YES_ERROR;
				CLANG_WARN_DOCUMENTATION_COMMENTS = YES;
				CLANG_WARN_EMPTY_BODY = YES;
				CLANG_WARN_ENUM_CONVERSION = YES;
				CLANG_WARN_INFINITE_RECURSION = YES;
				CLANG_WARN_INT_CONVERSION = YES;
				CLANG_WARN_NON_LITERAL_NULL_CONVERSION = YES;
				CLANG_WARN_OBJC_IMPLICIT_RETAIN_SELF = YES;
				CLANG_WARN_OBJC_LITERAL_CONVERSION = YES;
				CLANG_WARN_OBJC_ROOT_CLASS = YES_ERROR;
				CLANG_WARN_QUOTED_INCLUDE_IN_FRAMEWORK_HEADER = YES;
				CLANG_WARN_RANGE_LOOP_ANALYSIS = YES;
				CLANG_WARN_STRICT_PROTOTYPES = YES;
				CLANG_WARN_SUSPICIOUS_MOVE = YES;
				CLANG_WARN_UNGUARDED_AVAILABILITY = YES_AGGRESSIVE;
				CLANG_WARN_UNREACHABLE_CODE = YES;
				CLANG_WARN__DUPLICATE_METHOD_MATCH = YES;
				COPY_PHASE_STRIP = NO;
				DEBUG_INFORMATION_FORMAT = dwarf;
				ENABLE_STRICT_OBJC_MSGSEND = YES;
				ENABLE_TESTABILITY = YES;
				ENABLE_USER_SCRIPT_SANDBOXING = YES;
				GCC_C_LANGUAGE_STANDARD = gnu17;
				GCC_DYNAMIC_NO_PIC = NO;
				GCC_NO_COMMON_BLOCKS = YES;
				GCC_OPTIMIZATION_LEVEL = 0;
				GCC_PREPROCESSOR_DEFINITIONS = (
					"DEBUG=1",
					"$(inherited)",
				);
				GCC_WARN_64_TO_32_BIT_CONVERSION = YES;
				GCC_WARN_ABOUT_RETURN_TYPE = YES_ERROR;
				GCC_WARN_UNDECLARED_SELECTOR = YES;
				GCC_WARN_UNINITIALIZED_AUTOS = YES_AGGRESSIVE;
				GCC_WARN_UNUSED_FUNCTION = YES;
				GCC_WARN_UNUSED_VARIABLE = YES;
				IPHONEOS_DEPLOYMENT_TARGET = 17.0;
				LOCALIZATION_PREFERS_STRING_CATALOGS = YES;
				MTL_ENABLE_DEBUG_INFO = INCLUDE_SOURCE;
				MTL_FAST_MATH = YES;
				ONLY_ACTIVE_ARCH = YES;
				SDKROOT = iphoneos;
				SWIFT_ACTIVE_COMPILATION_CONDITIONS = "DEBUG $(inherited)";
				SWIFT_OPTIMIZATION_LEVEL = "-Onone";
			};
			name = Debug;
		};
		AA700004 /* Release */ = {
			isa = XCBuildConfiguration;
			buildSettings = {
				ALWAYS_SEARCH_USER_PATHS = NO;
				ASSETCATALOG_COMPILER_GENERATE_SWIFT_ASSET_SYMBOL_EXTENSIONS = YES;
				CLANG_ANALYZER_NONNULL = YES;
				CLANG_ANALYZER_NUMBER_OBJECT_CONVERSION = YES_AGGRESSIVE;
				CLANG_CXX_LANGUAGE_STANDARD = "gnu++20";
				CLANG_ENABLE_MODULES = YES;
				CLANG_ENABLE_OBJC_ARC = YES;
				CLANG_ENABLE_OBJC_WEAK = YES;
				CLANG_WARN_BLOCK_CAPTURE_AUTORELEASING = YES;
				CLANG_WARN_BOOL_CONVERSION = YES;
				CLANG_WARN_COMMA = YES;
				CLANG_WARN_CONSTANT_CONVERSION = YES;
				CLANG_WARN_DEPRECATED_OBJC_IMPLEMENTATIONS = YES;
				CLANG_WARN_DIRECT_OBJC_ISA_USAGE = YES_ERROR;
				CLANG_WARN_DOCUMENTATION_COMMENTS = YES;
				CLANG_WARN_EMPTY_BODY = YES;
				CLANG_WARN_ENUM_CONVERSION = YES;
				CLANG_WARN_INFINITE_RECURSION = YES;
				CLANG_WARN_INT_CONVERSION = YES;
				CLANG_WARN_NON_LITERAL_NULL_CONVERSION = YES;
				CLANG_WARN_OBJC_IMPLICIT_RETAIN_SELF = YES;
				CLANG_WARN_OBJC_LITERAL_CONVERSION = YES;
				CLANG_WARN_OBJC_ROOT_CLASS = YES_ERROR;
				CLANG_WARN_QUOTED_INCLUDE_IN_FRAMEWORK_HEADER = YES;
				CLANG_WARN_RANGE_LOOP_ANALYSIS = YES;
				CLANG_WARN_STRICT_PROTOTYPES = YES;
				CLANG_WARN_SUSPICIOUS_MOVE = YES;
				CLANG_WARN_UNGUARDED_AVAILABILITY = YES_AGGRESSIVE;
				CLANG_WARN_UNREACHABLE_CODE = YES;
				CLANG_WARN__DUPLICATE_METHOD_MATCH = YES;
				COPY_PHASE_STRIP = NO;
				DEBUG_INFORMATION_FORMAT = "dwarf-with-dsym";
				ENABLE_NS_ASSERTIONS = NO;
				ENABLE_STRICT_OBJC_MSGSEND = YES;
				ENABLE_USER_SCRIPT_SANDBOXING = YES;
				GCC_C_LANGUAGE_STANDARD = gnu17;
				GCC_NO_COMMON_BLOCKS = YES;
				GCC_WARN_64_TO_32_BIT_CONVERSION = YES;
				GCC_WARN_ABOUT_RETURN_TYPE = YES_ERROR;
				GCC_WARN_UNDECLARED_SELECTOR = YES;
				GCC_WARN_UNINITIALIZED_AUTOS = YES_AGGRESSIVE;
				GCC_WARN_UNUSED_FUNCTION = YES;
				GCC_WARN_UNUSED_VARIABLE = YES;
				IPHONEOS_DEPLOYMENT_TARGET = 17.0;
				LOCALIZATION_PREFERS_STRING_CATALOGS = YES;
				MTL_ENABLE_DEBUG_INFO = NO;
				MTL_FAST_MATH = YES;
				SDKROOT = iphoneos;
				SWIFT_COMPILATION_MODE = wholemodule;
				VALIDATE_PRODUCT = YES;
			};
			name = Release;
		};
		AA700005 /* Debug */ = {
			isa = XCBuildConfiguration;
			buildSettings = {
				ASSETCATALOG_COMPILER_APPICON_NAME = AppIcon;
				ASSETCATALOG_COMPILER_GLOBAL_ACCENT_COLOR_NAME = AccentColor;
				CODE_SIGN_STYLE = Automatic;
				CURRENT_PROJECT_VERSION = 1;
				DEVELOPMENT_ASSET_PATHS = "\"TravelApp/Preview Content\"";
				DEVELOPMENT_TEAM = UJ65LJ8L6H;
				ENABLE_PREVIEWS = YES;
				GENERATE_INFOPLIST_FILE = YES;
				INFOPLIST_KEY_CFBundleDisplayName = Safar;
				INFOPLIST_KEY_NSCameraUsageDescription = "We need camera access to take photos for your trip.";
				INFOPLIST_KEY_NSPhotoLibraryUsageDescription = "We need photo library access to add images to your itinerary.";
				INFOPLIST_KEY_UIApplicationSceneManifest_Generation = YES;
				INFOPLIST_KEY_UIApplicationSupportsIndirectInputEvents = YES;
				INFOPLIST_KEY_UILaunchScreen_Generation = YES;
				INFOPLIST_KEY_UISupportedInterfaceOrientations_iPad = "UIInterfaceOrientationPortrait UIInterfaceOrientationPortraitUpsideDown UIInterfaceOrientationLandscapeLeft UIInterfaceOrientationLandscapeRight";
				INFOPLIST_KEY_UISupportedInterfaceOrientations_iPhone = "UIInterfaceOrientationPortrait UIInterfaceOrientationLandscapeLeft UIInterfaceOrientationLandscapeRight";
				LD_RUNPATH_SEARCH_PATHS = (
					"$(inherited)",
					"@executable_path/Frameworks",
				);
				MARKETING_VERSION = 1.0;
				PRODUCT_BUNDLE_IDENTIFIER = io.tripplanner.TravelApp;
				PRODUCT_NAME = "$(TARGET_NAME)";
				SWIFT_EMIT_LOC_STRINGS = YES;
				SWIFT_VERSION = 5.0;
				TARGETED_DEVICE_FAMILY = "1,2";
			};
			name = Debug;
		};
		AA700006 /* Release */ = {
			isa = XCBuildConfiguration;
			buildSettings = {
				ASSETCATALOG_COMPILER_APPICON_NAME = AppIcon;
				ASSETCATALOG_COMPILER_GLOBAL_ACCENT_COLOR_NAME = AccentColor;
				CODE_SIGN_STYLE = Automatic;
				CURRENT_PROJECT_VERSION = 1;
				DEVELOPMENT_ASSET_PATHS = "\"TravelApp/Preview Content\"";
				DEVELOPMENT_TEAM = UJ65LJ8L6H;
				ENABLE_PREVIEWS = YES;
				GENERATE_INFOPLIST_FILE = YES;
				INFOPLIST_KEY_CFBundleDisplayName = Safar;
				INFOPLIST_KEY_NSCameraUsageDescription = "We need camera access to take photos for your trip.";
				INFOPLIST_KEY_NSPhotoLibraryUsageDescription = "We need photo library access to add images to your itinerary.";
				INFOPLIST_KEY_UIApplicationSceneManifest_Generation = YES;
				INFOPLIST_KEY_UIApplicationSupportsIndirectInputEvents = YES;
				INFOPLIST_KEY_UILaunchScreen_Generation = YES;
				INFOPLIST_KEY_UISupportedInterfaceOrientations_iPad = "UIInterfaceOrientationPortrait UIInterfaceOrientationPortraitUpsideDown UIInterfaceOrientationLandscapeLeft UIInterfaceOrientationLandscapeRight";
				INFOPLIST_KEY_UISupportedInterfaceOrientations_iPhone = "UIInterfaceOrientationPortrait UIInterfaceOrientationLandscapeLeft UIInterfaceOrientationLandscapeRight";
				LD_RUNPATH_SEARCH_PATHS = (
					"$(inherited)",
					"@executable_path/Frameworks",
				);
				MARKETING_VERSION = 1.0;
				PRODUCT_BUNDLE_IDENTIFIER = io.tripplanner.TravelApp;
				PRODUCT_NAME = "$(TARGET_NAME)";
				SWIFT_EMIT_LOC_STRINGS = YES;
				SWIFT_VERSION = 5.0;
				TARGETED_DEVICE_FAMILY = "1,2";
			};
			name = Release;
		};
/* End XCBuildConfiguration section */

/* Begin XCConfigurationList section */
		AA700001 /* Build configuration list for PBXProject "TravelApp" */ = {
			isa = XCConfigurationList;
			buildConfigurations = (
				AA700003 /* Debug */,
				AA700004 /* Release */,
			);
			defaultConfigurationIsVisible = 0;
			defaultConfigurationName = Release;
		};
		AA700002 /* Build configuration list for PBXNativeTarget "TravelApp" */ = {
			isa = XCConfigurationList;
			buildConfigurations = (
				AA700005 /* Debug */,
				AA700006 /* Release */,
			);
			defaultConfigurationIsVisible = 0;
			defaultConfigurationName = Release;
		};
/* End XCConfigurationList section */

/* Begin XCRemoteSwiftPackageReference section */
		BB000001 /* XCRemoteSwiftPackageReference "firebase-ios-sdk" */ = {
			isa = XCRemoteSwiftPackageReference;
			repositoryURL = "https://github.com/firebase/firebase-ios-sdk";
			requirement = {
				kind = upToNextMajorVersion;
				minimumVersion = 11.0.0;
			};
		};
/* End XCRemoteSwiftPackageReference section */

/* Begin XCSwiftPackageProductDependency section */
		BB100001 /* FirebaseAuth */ = {
			isa = XCSwiftPackageProductDependency;
			package = BB000001 /* XCRemoteSwiftPackageReference "firebase-ios-sdk" */;
			productName = FirebaseAuth;
		};
		BB100002 /* FirebaseFirestore */ = {
			isa = XCSwiftPackageProductDependency;
			package = BB000001 /* XCRemoteSwiftPackageReference "firebase-ios-sdk" */;
			productName = FirebaseFirestore;
		};
		BB100003 /* FirebaseStorage */ = {
			isa = XCSwiftPackageProductDependency;
			package = BB000001 /* XCRemoteSwiftPackageReference "firebase-ios-sdk" */;
			productName = FirebaseStorage;
		};
/* End XCSwiftPackageProductDependency section */
	};
	rootObject = AA500002 /* Project object */;
}
